// !$*UTF8*$!
{
	archiveVersion = 1;
	classes = {
	};
	objectVersion = 77;
	objects = {

/* Begin PBXContainerItemProxy section */
		F7BD2FF62F8B528B000E70A0 /* PBXContainerItemProxy */ = {
			isa = PBXContainerItemProxy;
			containerPortal = F7BD2FE02F8B528A000E70A0 /* Project object */;
			proxyType = 1;
			remoteGlobalIDString = F7BD2FE72F8B528A000E70A0;
			remoteInfo = Aurion;
		};
		F7BD30002F8B528B000E70A0 /* PBXContainerItemProxy */ = {
			isa = PBXContainerItemProxy;
			containerPortal = F7BD2FE02F8B528A000E70A0 /* Project object */;
			proxyType = 1;
			remoteGlobalIDString = F7BD2FE72F8B528A000E70A0;
			remoteInfo = Aurion;
		};
/* End PBXContainerItemProxy section */

/* Begin PBXFileReference section */
		F7BD2FE82F8B528A000E70A0 /* Aurion.app */ = {isa = PBXFileReference; explicitFileType = wrapper.application; includeInIndex = 0; path = Aurion.app; sourceTree = BUILT_PRODUCTS_DIR; };
		F7BD2FF52F8B528B000E70A0 /* AurionTests.xctest */ = {isa = PBXFileReference; explicitFileType = wrapper.cfbundle; includeInIndex = 0; path = AurionTests.xctest; sourceTree = BUILT_PRODUCTS_DIR; };
		F7BD2FFF2F8B528B000E70A0 /* AurionUITests.xctest */ = {isa = PBXFileReference; explicitFileType = wrapper.cfbundle; includeInIndex = 0; path = AurionUITests.xctest; sourceTree = BUILT_PRODUCTS_DIR; };
/* End PBXFileReference section */

/* Begin PBXFileSystemSynchronizedRootGroup section */
		F7BD2FEA2F8B528A000E70A0 /* Aurion */ = {
			isa = PBXFileSystemSynchronizedRootGroup;
			path = Aurion;
			sourceTree = "<group>";
		};
		F7BD2FF82F8B528B000E70A0 /* AurionTests */ = {
			isa = PBXFileSystemSynchronizedRootGroup;
			path = AurionTests;
			sourceTree = "<group>";
		};
		F7BD30022F8B528B000E70A0 /* AurionUITests */ = {
			isa = PBXFileSystemSynchronizedRootGroup;
			path = AurionUITests;
			sourceTree = "<group>";
		};
/* End PBXFileSystemSynchronizedRootGroup section */

/* Begin PBXFrameworksBuildPhase section */
		F7BD2FE52F8B528A000E70A0 /* Frameworks */ = {
			isa = PBXFrameworksBuildPhase;
			buildActionMask = 2147483647;
			files = (
			);
			runOnlyForDeploymentPostprocessing = 0;
		};
		F7BD2FF22F8B528B000E70A0 /* Frameworks */ = {
			isa = PBXFrameworksBuildPhase;
			buildActionMask = 2147483647;
			files = (
			);
			runOnlyForDeploymentPostprocessing = 0;
		};
		F7BD2FFC2F8B528B000E70A0 /* Frameworks */ = {
			isa = PBXFrameworksBuildPhase;
			buildActionMask = 2147483647;
			files = (
			);
			runOnlyForDeploymentPostprocessing = 0;
		};
/* End PBXFrameworksBuildPhase section */

/* Begin PBXGroup section */
		F7BD2FDF2F8B528A000E70A0 = {
			isa = PBXGroup;
			children = (
				F7BD2FEA2F8B528A000E70A0 /* Aurion */,
				F7BD2FF82F8B528B000E70A0 /* AurionTests */,
				F7BD30022F8B528B000E70A0 /* AurionUITests */,
				F7BD2FE92F8B528A000E70A0 /* Products */,
			);
			sourceTree = "<group>";
		};
		F7BD2FE92F8B528A000E70A0 /* Products */ = {
			isa = PBXGroup;
			children = (
				F7BD2FE82F8B528A000E70A0 /* Aurion.app */,
				F7BD2FF52F8B528B000E70A0 /* AurionTests.xctest */,
				F7BD2FFF2F8B528B000E70A0 /* AurionUITests.xctest */,
			);
			name = Products;
			sourceTree = "<group>";
		};
/* End PBXGroup section */

/* Begin PBXNativeTarget section */
		F7BD2FE72F8B528A000E70A0 /* Aurion */ = {
			isa = PBXNativeTarget;
			buildConfigurationList = F7BD30092F8B528B000E70A0 /* Build configuration list for PBXNativeTarget "Aurion" */;
			buildPhases = (
				F7BD2FE42F8B528A000E70A0 /* Sources */,
				F7BD2FE52F8B528A000E70A0 /* Frameworks */,
				F7BD2FE62F8B528A000E70A0 /* Resources */,
			);
			buildRules = (
			);
			dependencies = (
			);
			fileSystemSynchronizedGroups = (
				F7BD2FEA2F8B528A000E70A0 /* Aurion */,
			);
			name = Aurion;
			packageProductDependencies = (
			);
			productName = Aurion;
			productReference = F7BD2FE82F8B528A000E70A0 /* Aurion.app */;
			productType = "com.apple.product-type.application";
		};
		F7BD2FF42F8B528B000E70A0 /* AurionTests */ = {
			isa = PBXNativeTarget;
			buildConfigurationList = F7BD300C2F8B528B000E70A0 /* Build configuration list for PBXNativeTarget "AurionTests" */;
			buildPhases = (
				F7BD2FF12F8B528B000E70A0 /* Sources */,
				F7BD2FF22F8B528B000E70A0 /* Frameworks */,
				F7BD2FF32F8B528B000E70A0 /* Resources */,
			);
			buildRules = (
			);
			dependencies = (
				F7BD2FF72F8B528B000E70A0 /* PBXTargetDependency */,
			);
			fileSystemSynchronizedGroups = (
				F7BD2FF82F8B528B000E70A0 /* AurionTests */,
			);
			name = AurionTests;
			packageProductDependencies = (
			);
			productName = AurionTests;
			productReference = F7BD2FF52F8B528B000E70A0 /* AurionTests.xctest */;
			productType = "com.apple.product-type.bundle.unit-test";
		};
		F7BD2FFE2F8B528B000E70A0 /* AurionUITests */ = {
			isa = PBXNativeTarget;
			buildConfigurationList = F7BD300F2F8B528B000E70A0 /* Build configuration list for PBXNativeTarget "AurionUITests" */;
			buildPhases = (
				F7BD2FFB2F8B528B000E70A0 /* Sources */,
				F7BD2FFC2F8B528B000E70A0 /* Frameworks */,
				F7BD2FFD2F8B528B000E70A0 /* Resources */,
			);
			buildRules = (
			);
			dependencies = (
				F7BD30012F8B528B000E70A0 /* PBXTargetDependency */,
			);
			fileSystemSynchronizedGroups = (
				F7BD30022F8B528B000E70A0 /* AurionUITests */,
			);
			name = AurionUITests;
			packageProductDependencies = (
			);
			productName = AurionUITests;
			productReference = F7BD2FFF2F8B528B000E70A0 /* AurionUITests.xctest */;
			productType = "com.apple.product-type.bundle.ui-testing";
		};
/* End PBXNativeTarget section */

/* Begin PBXProject section */
		F7BD2FE02F8B528A000E70A0 /* Project object */ = {
			isa = PBXProject;
			attributes = {
				BuildIndependentTargetsInParallel = 1;
				LastSwiftUpdateCheck = 2600;
				LastUpgradeCheck = 2600;
				TargetAttributes = {
					F7BD2FE72F8B528A000E70A0 = {
						CreatedOnToolsVersion = 26.0.1;
					};
					F7BD2FF42F8B528B000E70A0 = {
						CreatedOnToolsVersion = 26.0.1;
						TestTargetID = F7BD2FE72F8B528A000E70A0;
					};
					F7BD2FFE2F8B528B000E70A0 = {
						CreatedOnToolsVersion = 26.0.1;
						TestTargetID = F7BD2FE72F8B528A000E70A0;
					};
				};
			};
			buildConfigurationList = F7BD2FE32F8B528A000E70A0 /* Build configuration list for PBXProject "Aurion" */;
			developmentRegion = en;
			hasScannedForEncodings = 0;
			knownRegions = (
				en,
				Base,
				fr,
			);
			mainGroup = F7BD2FDF2F8B528A000E70A0;
			minimizedProjectReferenceProxies = 1;
			preferredProjectObjectVersion = 77;
			productRefGroup = F7BD2FE92F8B528A000E70A0 /* Products */;
			projectDirPath = "";
			projectRoot = "";
			targets = (
				F7BD2FE72F8B528A000E70A0 /* Aurion */,
				F7BD2FF42F8B528B000E70A0 /* AurionTests */,
				F7BD2FFE2F8B528B000E70A0 /* AurionUITests */,
			);
		};
/* End PBXProject section */

/* Begin PBXResourcesBuildPhase section */
		F7BD2FE62F8B528A000E70A0 /* Resources */ = {
			isa = PBXResourcesBuildPhase;
			buildActionMask = 2147483647;
			files = (
			);
			runOnlyForDeploymentPostprocessing = 0;
		};
		F7BD2FF32F8B528B000E70A0 /* Resources */ = {
			isa = PBXResourcesBuildPhase;
			buildActionMask = 2147483647;
			files = (
			);
			runOnlyForDeploymentPostprocessing = 0;
		};
		F7BD2FFD2F8B528B000E70A0 /* Resources */ = {
			isa = PBXResourcesBuildPhase;
			buildActionMask = 2147483647;
			files = (
			);
			runOnlyForDeploymentPostprocessing = 0;
		};
/* End PBXResourcesBuildPhase section */

/* Begin PBXSourcesBuildPhase section */
		F7BD2FE42F8B528A000E70A0 /* Sources */ = {
			isa = PBXSourcesBuildPhase;
			buildActionMask = 2147483647;
			files = (
			);
			runOnlyForDeploymentPostprocessing = 0;
		};
		F7BD2FF12F8B528B000E70A0 /* Sources */ = {
			isa = PBXSourcesBuildPhase;
			buildActionMask = 2147483647;
			files = (
			);
			runOnlyForDeploymentPostprocessing = 0;
		};
		F7BD2FFB2F8B528B000E70A0 /* Sources */ = {
			isa = PBXSourcesBuildPhase;
			buildActionMask = 2147483647;
			files = (
			);
			runOnlyForDeploymentPostprocessing = 0;
		};
/* End PBXSourcesBuildPhase section */

/* Begin PBXTargetDependency section */
		F7BD2FF72F8B528B000E70A0 /* PBXTargetDependency */ = {
			isa = PBXTargetDependency;
			target = F7BD2FE72F8B528A000E70A0 /* Aurion */;
			targetProxy = F7BD2FF62F8B528B000E70A0 /* PBXContainerItemProxy */;
		};
		F7BD30012F8B528B000E70A0 /* PBXTargetDependency */ = {
			isa = PBXTargetDependency;
			target = F7BD2FE72F8B528A000E70A0 /* Aurion */;
			targetProxy = F7BD30002F8B528B000E70A0 /* PBXContainerItemProxy */;
		};
/* End PBXTargetDependency section */

/* Begin XCBuildConfiguration section */
		F7BD30072F8B528B000E70A0 /* Debug */ = {
			isa = XCBuildConfiguration;
			buildSettings = {
				ALWAYS_SEARCH_USER_PATHS = NO;
				ASSETCATALOG_COMPILER_GENERATE_SWIFT_ASSET_SYMBOL_EXTENSIONS = YES;
				CLANG_ANALYZER_NONNULL = YES;
				CLANG_ANALYZER_NUMBER_OBJECT_CONVERSION = YES_AGGRESSIVE;
				CLANG_CXX_LANGUAGE_STANDARD = "gnu++20";
				CLANG_ENABLE_MODULES = YES;
				CLANG_ENABLE_OBJC_ARC = YES;
				CLANG_ENABLE_OBJC_WEAK = YES;
				CLANG_WARN_BLOCK_CAPTURE_AUTORELEASING = YES;
				CLANG_WARN_BOOL_CONVERSION = YES;
				CLANG_WARN_COMMA = YES;
				CLANG_WARN_CONSTANT_CONVERSION = YES;
				CLANG_WARN_DEPRECATED_OBJC_IMPLEMENTATIONS = YES;
				CLANG_WARN_DIRECT_OBJC_ISA_USAGE = YES_ERROR;
				CLANG_WARN_DOCUMENTATION_COMMENTS = YES;
				CLANG_WARN_EMPTY_BODY = YES;
				CLANG_WARN_ENUM_CONVERSION = YES;
				CLANG_WARN_INFINITE_RECURSION = YES;
				CLANG_WARN_INT_CONVERSION = YES;
				CLANG_WARN_NON_LITERAL_NULL_CONVERSION = YES;
				CLANG_WARN_OBJC_IMPLICIT_RETAIN_SELF = YES;
				CLANG_WARN_OBJC_LITERAL_CONVERSION = YES;
				CLANG_WARN_OBJC_ROOT_CLASS = YES_ERROR;
				CLANG_WARN_QUOTED_INCLUDE_IN_FRAMEWORK_HEADER = YES;
				CLANG_WARN_RANGE_LOOP_ANALYSIS = YES;
				CLANG_WARN_STRICT_PROTOTYPES = YES;
				CLANG_WARN_SUSPICIOUS_MOVE = YES;
				CLANG_WARN_UNGUARDED_AVAILABILITY = YES_AGGRESSIVE;
				CLANG_WARN_UNREACHABLE_CODE = YES;
				CLANG_WARN__DUPLICATE_METHOD_MATCH = YES;
				COPY_PHASE_STRIP = NO;
				DEBUG_INFORMATION_FORMAT = dwarf;
				ENABLE_STRICT_OBJC_MSGSEND = YES;
				ENABLE_TESTABILITY = YES;
				ENABLE_USER_SCRIPT_SANDBOXING = YES;
				GCC_C_LANGUAGE_STANDARD = gnu17;
				GCC_DYNAMIC_NO_PIC = NO;
				GCC_NO_COMMON_BLOCKS = YES;
				GCC_OPTIMIZATION_LEVEL = 0;
				GCC_PREPROCESSOR_DEFINITIONS = (
					"DEBUG=1",
					"$(inherited)",
				);
				GCC_WARN_64_TO_32_BIT_CONVERSION = YES;
				GCC_WARN_ABOUT_RETURN_TYPE = YES_ERROR;
				GCC_WARN_UNDECLARED_SELECTOR = YES;
				GCC_WARN_UNINITIALIZED_AUTOS = YES_AGGRESSIVE;
				GCC_WARN_UNUSED_FUNCTION = YES;
				GCC_WARN_UNUSED_VARIABLE = YES;
				IPHONEOS_DEPLOYMENT_TARGET = 26.0;
				LOCALIZATION_PREFERS_STRING_CATALOGS = YES;
				MTL_ENABLE_DEBUG_INFO = INCLUDE_SOURCE;
				MTL_FAST_MATH = YES;
				ONLY_ACTIVE_ARCH = YES;
				SDKROOT = iphoneos;
				SWIFT_ACTIVE_COMPILATION_CONDITIONS = "DEBUG $(inherited)";
				SWIFT_OPTIMIZATION_LEVEL = "-Onone";
			};
			name = Debug;
		};
		F7BD30082F8B528B000E70A0 /* Release */ = {
			isa = XCBuildConfiguration;
			buildSettings = {
				ALWAYS_SEARCH_USER_PATHS = NO;
				ASSETCATALOG_COMPILER_GENERATE_SWIFT_ASSET_SYMBOL_EXTENSIONS = YES;
				CLANG_ANALYZER_NONNULL = YES;
				CLANG_ANALYZER_NUMBER_OBJECT_CONVERSION = YES_AGGRESSIVE;
				CLANG_CXX_LANGUAGE_STANDARD = "gnu++20";
				CLANG_ENABLE_MODULES = YES;
				CLANG_ENABLE_OBJC_ARC = YES;
				CLANG_ENABLE_OBJC_WEAK = YES;
				CLANG_WARN_BLOCK_CAPTURE_AUTORELEASING = YES;
				CLANG_WARN_BOOL_CONVERSION = YES;
				CLANG_WARN_COMMA = YES;
				CLANG_WARN_CONSTANT_CONVERSION = YES;
				CLANG_WARN_DEPRECATED_OBJC_IMPLEMENTATIONS = YES;
				CLANG_WARN_DIRECT_OBJC_ISA_USAGE = YES_ERROR;
				CLANG_WARN_DOCUMENTATION_COMMENTS = YES;
				CLANG_WARN_EMPTY_BODY = YES;
				CLANG_WARN_ENUM_CONVERSION = YES;
				CLANG_WARN_INFINITE_RECURSION = YES;
				CLANG_WARN_INT_CONVERSION = YES;
				CLANG_WARN_NON_LITERAL_NULL_CONVERSION = YES;
				CLANG_WARN_OBJC_IMPLICIT_RETAIN_SELF = YES;
				CLANG_WARN_OBJC_LITERAL_CONVERSION = YES;
				CLANG_WARN_OBJC_ROOT_CLASS = YES_ERROR;
				CLANG_WARN_QUOTED_INCLUDE_IN_FRAMEWORK_HEADER = YES;
				CLANG_WARN_RANGE_LOOP_ANALYSIS = YES;
				CLANG_WARN_STRICT_PROTOTYPES = YES;
				CLANG_WARN_SUSPICIOUS_MOVE = YES;
				CLANG_WARN_UNGUARDED_AVAILABILITY = YES_AGGRESSIVE;
				CLANG_WARN_UNREACHABLE_CODE = YES;
				CLANG_WARN__DUPLICATE_METHOD_MATCH = YES;
				COPY_PHASE_STRIP = NO;
				DEBUG_INFORMATION_FORMAT = "dwarf-with-dsym";
				ENABLE_NS_ASSERTIONS = NO;
				ENABLE_STRICT_OBJC_MSGSEND = YES;
				ENABLE_USER_SCRIPT_SANDBOXING = YES;
				GCC_C_LANGUAGE_STANDARD = gnu17;
				GCC_NO_COMMON_BLOCKS = YES;
				GCC_WARN_64_TO_32_BIT_CONVERSION = YES;
				GCC_WARN_ABOUT_RETURN_TYPE = YES_ERROR;
				GCC_WARN_UNDECLARED_SELECTOR = YES;
				GCC_WARN_UNINITIALIZED_AUTOS = YES_AGGRESSIVE;
				GCC_WARN_UNUSED_FUNCTION = YES;
				GCC_WARN_UNUSED_VARIABLE = YES;
				IPHONEOS_DEPLOYMENT_TARGET = 26.0;
				LOCALIZATION_PREFERS_STRING_CATALOGS = YES;
				MTL_ENABLE_DEBUG_INFO = NO;
				MTL_FAST_MATH = YES;
				SDKROOT = iphoneos;
				SWIFT_COMPILATION_MODE = wholemodule;
				VALIDATE_PRODUCT = YES;
			};
			name = Release;
		};
		F7BD300A2F8B528B000E70A0 /* Debug */ = {
			isa = XCBuildConfiguration;
			buildSettings = {
				ASSETCATALOG_COMPILER_APPICON_NAME = AppIcon;
				ASSETCATALOG_COMPILER_GLOBAL_ACCENT_COLOR_NAME = AccentColor;
				CODE_SIGN_STYLE = Automatic;
				CURRENT_PROJECT_VERSION = 1;
				DEVELOPMENT_TEAM = S5N6XHH7AQ;
				ENABLE_PREVIEWS = YES;
				GENERATE_INFOPLIST_FILE = YES;
				INFOPLIST_FILE = "Aurion-Info.plist";
				INFOPLIST_KEY_NSBluetoothAlwaysUsageDescription = "Aurion connects to your wearable (e.g. Ray-Ban Meta) over Bluetooth to capture audio and video during sessions.";
				INFOPLIST_KEY_NSCameraUsageDescription = "Aurion captures visual frames during clinical encounters to enrich note generation with what was observed.";
				INFOPLIST_KEY_NSLocalNetworkUsageDescription = "Aurion communicates with the local Aurion backend on your network during development.";
				INFOPLIST_KEY_NSMicrophoneUsageDescription = "Aurion records audio during clinical encounters to generate structured notes. Recording requires patient consent and stops when you end the session.";
				INFOPLIST_KEY_NSSpeechRecognitionUsageDescription = "Aurion uses on-device speech recognition for voice enrollment and to display live captions during clinical encounters. Audio stays on this device — never sent to Apple servers.";
				INFOPLIST_KEY_UIApplicationSceneManifest_Generation = YES;
				INFOPLIST_KEY_UIApplicationSupportsIndirectInputEvents = YES;
				INFOPLIST_KEY_UILaunchScreen_Generation = YES;
				INFOPLIST_KEY_UISupportedInterfaceOrientations_iPad = "UIInterfaceOrientationPortrait UIInterfaceOrientationPortraitUpsideDown UIInterfaceOrientationLandscapeLeft UIInterfaceOrientationLandscapeRight";
				INFOPLIST_KEY_UISupportedInterfaceOrientations_iPhone = "UIInterfaceOrientationPortrait UIInterfaceOrientationLandscapeLeft UIInterfaceOrientationLandscapeRight";
				LD_RUNPATH_SEARCH_PATHS = (
					"$(inherited)",
					"@executable_path/Frameworks",
				);
				MARKETING_VERSION = 1.0;
				PRODUCT_BUNDLE_IDENTIFIER = com.faical.aurion;
				PRODUCT_NAME = "$(TARGET_NAME)";
				STRING_CATALOG_GENERATE_SYMBOLS = YES;
				SWIFT_APPROACHABLE_CONCURRENCY = YES;
				SWIFT_DEFAULT_ACTOR_ISOLATION = MainActor;
				SWIFT_EMIT_LOC_STRINGS = YES;
				SWIFT_UPCOMING_FEATURE_MEMBER_IMPORT_VISIBILITY = YES;
				SWIFT_VERSION = 5.0;
				TARGETED_DEVICE_FAMILY = "1,2";
			};
			name = Debug;
		};
		F7BD300B2F8B528B000E70A0 /* Release */ = {
			isa = XCBuildConfiguration;
			buildSettings = {
				ASSETCATALOG_COMPILER_APPICON_NAME = AppIcon;
				ASSETCATALOG_COMPILER_GLOBAL_ACCENT_COLOR_NAME = AccentColor;
				CODE_SIGN_STYLE = Automatic;
				CURRENT_PROJECT_VERSION = 1;
				DEVELOPMENT_TEAM = S5N6XHH7AQ;
				ENABLE_PREVIEWS = YES;
				GENERATE_INFOPLIST_FILE = YES;
				INFOPLIST_FILE = "Aurion-Info.plist";
				INFOPLIST_KEY_NSBluetoothAlwaysUsageDescription = "Aurion connects to your wearable (e.g. Ray-Ban Meta) over Bluetooth to capture audio and video during sessions.";
				INFOPLIST_KEY_NSCameraUsageDescription = "Aurion captures visual frames during clinical encounters to enrich note generation with what was observed.";
				INFOPLIST_KEY_NSLocalNetworkUsageDescription = "Aurion communicates with the local Aurion backend on your network during development.";
				INFOPLIST_KEY_NSMicrophoneUsageDescription = "Aurion records audio during clinical encounters to generate structured notes. Recording requires patient consent and stops when you end the session.";
				INFOPLIST_KEY_NSSpeechRecognitionUsageDescription = "Aurion uses on-device speech recognition for voice enrollment and to display live captions during clinical encounters. Audio stays on this device — never sent to Apple servers.";
				INFOPLIST_KEY_UIApplicationSceneManifest_Generation = YES;
				INFOPLIST_KEY_UIApplicationSupportsIndirectInputEvents = YES;
				INFOPLIST_KEY_UILaunchScreen_Generation = YES;
				INFOPLIST_KEY_UISupportedInterfaceOrientations_iPad = "UIInterfaceOrientationPortrait UIInterfaceOrientationPortraitUpsideDown UIInterfaceOrientationLandscapeLeft UIInterfaceOrientationLandscapeRight";
				INFOPLIST_KEY_UISupportedInterfaceOrientations_iPhone = "UIInterfaceOrientationPortrait UIInterfaceOrientationLandscapeLeft UIInterfaceOrientationLandscapeRight";
				LD_RUNPATH_SEARCH_PATHS = (
					"$(inherited)",
					"@executable_path/Frameworks",
				);
				MARKETING_VERSION = 1.0;
				PRODUCT_BUNDLE_IDENTIFIER = com.faical.aurion;
				PRODUCT_NAME = "$(TARGET_NAME)";
				STRING_CATALOG_GENERATE_SYMBOLS = YES;
				SWIFT_APPROACHABLE_CONCURRENCY = YES;
				SWIFT_DEFAULT_ACTOR_ISOLATION = MainActor;
				SWIFT_EMIT_LOC_STRINGS = YES;
				SWIFT_UPCOMING_FEATURE_MEMBER_IMPORT_VISIBILITY = YES;
				SWIFT_VERSION = 5.0;
				TARGETED_DEVICE_FAMILY = "1,2";
			};
			name = Release;
		};
		F7BD300D2F8B528B000E70A0 /* Debug */ = {
			isa = XCBuildConfiguration;
			buildSettings = {
				BUNDLE_LOADER = "$(TEST_HOST)";
				CODE_SIGN_STYLE = Automatic;
				CURRENT_PROJECT_VERSION = 1;
				GENERATE_INFOPLIST_FILE = YES;
				IPHONEOS_DEPLOYMENT_TARGET = 26.0;
				MARKETING_VERSION = 1.0;
				PRODUCT_BUNDLE_IDENTIFIER = com.aurionclinical.AurionTests;
				PRODUCT_NAME = "$(TARGET_NAME)";
				STRING_CATALOG_GENERATE_SYMBOLS = NO;
				SWIFT_APPROACHABLE_CONCURRENCY = YES;
				SWIFT_EMIT_LOC_STRINGS = NO;
				SWIFT_UPCOMING_FEATURE_MEMBER_IMPORT_VISIBILITY = YES;
				SWIFT_VERSION = 5.0;
				TARGETED_DEVICE_FAMILY = "1,2";
				TEST_HOST = "$(BUILT_PRODUCTS_DIR)/Aurion.app/$(BUNDLE_EXECUTABLE_FOLDER_PATH)/Aurion";
			};
			name = Debug;
		};
		F7BD300E2F8B528B000E70A0 /* Release */ = {
			isa = XCBuildConfiguration;
			buildSettings = {
				BUNDLE_LOADER = "$(TEST_HOST)";
				CODE_SIGN_STYLE = Automatic;
				CURRENT_PROJECT_VERSION = 1;
				GENERATE_INFOPLIST_FILE = YES;
				IPHONEOS_DEPLOYMENT_TARGET = 26.0;
				MARKETING_VERSION = 1.0;
				PRODUCT_BUNDLE_IDENTIFIER = com.aurionclinical.AurionTests;
				PRODUCT_NAME = "$(TARGET_NAME)";
				STRING_CATALOG_GENERATE_SYMBOLS = NO;
				SWIFT_APPROACHABLE_CONCURRENCY = YES;
				SWIFT_EMIT_LOC_STRINGS = NO;
				SWIFT_UPCOMING_FEATURE_MEMBER_IMPORT_VISIBILITY = YES;
				SWIFT_VERSION = 5.0;
				TARGETED_DEVICE_FAMILY = "1,2";
				TEST_HOST = "$(BUILT_PRODUCTS_DIR)/Aurion.app/$(BUNDLE_EXECUTABLE_FOLDER_PATH)/Aurion";
			};
			name = Release;
		};
		F7BD30102F8B528B000E70A0 /* Debug */ = {
			isa = XCBuildConfiguration;
			buildSettings = {
				CODE_SIGN_STYLE = Automatic;
				CURRENT_PROJECT_VERSION = 1;
				GENERATE_INFOPLIST_FILE = YES;
				MARKETING_VERSION = 1.0;
				PRODUCT_BUNDLE_IDENTIFIER = com.aurionclinical.AurionUITests;
				PRODUCT_NAME = "$(TARGET_NAME)";
				STRING_CATALOG_GENERATE_SYMBOLS = NO;
				SWIFT_APPROACHABLE_CONCURRENCY = YES;
				SWIFT_EMIT_LOC_STRINGS = NO;
				SWIFT_UPCOMING_FEATURE_MEMBER_IMPORT_VISIBILITY = YES;
				SWIFT_VERSION = 5.0;
				TARGETED_DEVICE_FAMILY = "1,2";
				TEST_TARGET_NAME = Aurion;
			};
			name = Debug;
		};
		F7BD30112F8B528B000E70A0 /* Release */ = {
			isa = XCBuildConfiguration;
			buildSettings = {
				CODE_SIGN_STYLE = Automatic;
				CURRENT_PROJECT_VERSION = 1;
				GENERATE_INFOPLIST_FILE = YES;
				MARKETING_VERSION = 1.0;
				PRODUCT_BUNDLE_IDENTIFIER = com.aurionclinical.AurionUITests;
				PRODUCT_NAME = "$(TARGET_NAME)";
				STRING_CATALOG_GENERATE_SYMBOLS = NO;
				SWIFT_APPROACHABLE_CONCURRENCY = YES;
				SWIFT_EMIT_LOC_STRINGS = NO;
				SWIFT_UPCOMING_FEATURE_MEMBER_IMPORT_VISIBILITY = YES;
				SWIFT_VERSION = 5.0;
				TARGETED_DEVICE_FAMILY = "1,2";
				TEST_TARGET_NAME = Aurion;
			};
			name = Release;
		};
/* End XCBuildConfiguration section */

/* Begin XCConfigurationList section */
		F7BD2FE32F8B528A000E70A0 /* Build configuration list for PBXProject "Aurion" */ = {
			isa = XCConfigurationList;
			buildConfigurations = (
				F7BD30072F8B528B000E70A0 /* Debug */,
				F7BD30082F8B528B000E70A0 /* Release */,
			);
			defaultConfigurationIsVisible = 0;
			defaultConfigurationName = Release;
		};
		F7BD30092F8B528B000E70A0 /* Build configuration list for PBXNativeTarget "Aurion" */ = {
			isa = XCConfigurationList;
			buildConfigurations = (
				F7BD300A2F8B528B000E70A0 /* Debug */,
				F7BD300B2F8B528B000E70A0 /* Release */,
			);
			defaultConfigurationIsVisible = 0;
			defaultConfigurationName = Release;
		};
		F7BD300C2F8B528B000E70A0 /* Build configuration list for PBXNativeTarget "AurionTests" */ = {
			isa = XCConfigurationList;
			buildConfigurations = (
				F7BD300D2F8B528B000E70A0 /* Debug */,
				F7BD300E2F8B528B000E70A0 /* Release */,
			);
			defaultConfigurationIsVisible = 0;
			defaultConfigurationName = Release;
		};
		F7BD300F2F8B528B000E70A0 /* Build configuration list for PBXNativeTarget "AurionUITests" */ = {
			isa = XCConfigurationList;
			buildConfigurations = (
				F7BD30102F8B528B000E70A0 /* Debug */,
				F7BD30112F8B528B000E70A0 /* Release */,
			);
			defaultConfigurationIsVisible = 0;
			defaultConfigurationName = Release;
		};
/* End XCConfigurationList section */
	};
	rootObject = F7BD2FE02F8B528A000E70A0 /* Project object */;
}
